# CPU verification environment: CPython 3.12, Linux x86_64 glibc >= 2.34.
# Approved wheel hashes from the maintainers' PyPI file metadata, 2026-09-16.
# Install with --require-hashes --only-binary=:all: in an isolated environment.
# No platform/source-build fallback; other platforms need separately pinned wheels.
PyJWT==2.14.0 --hash=sha256:ad0cef71c756a56e74863c2919cf0985f72decbcfcb550ee2f422e7c62b5eedc
cryptography==50.0.1 --hash=sha256:51afcfceb15597cf2635068e4ac9a56b2abde622edde17f37d85fd7b5306497a
cffi==2.1.1 --hash=sha256:c1453022f490d2459a11819d83ad1d586e9ff65a12ac3e705ffebd46d3685dcf
pycparser==3.0 --hash=sha256:b727414169a36b7d524c1c3e31839a521725078d7b2ff038656844266160a992
